<Solution>
  <Folder Name="/src/">
    <Project Path="src/DirectoryService.Contracts/DirectoryService.Contracts.csproj" />
    <Project Path="src/DirectoryService.Core/DirectoryService.Core.csproj" />
    <Project Path="src/DirectoryService.Domain/DirectoryService.Domain.csproj" />
    <Project Path="src/DirectoryService.Infrastructure.PostgreSQL/DirectoryService.Infrastructure.PostgreSQL.csproj" />
    <Project Path="src/DirectoryService.Web/DirectoryService.Web.csproj" />
  </Folder>
  <Project Path="src/DirectoryService.Infrastructure.PostgreSQL/ConsoleApp/ConsoleApp.csproj" Id="8b8d10d3-b269-44e6-8a01-7554f00fdb30">
    <BuildDependency Project="src/DirectoryService.Contracts/DirectoryService.Contracts.csproj" />
    <BuildDependency Project="src/DirectoryService.Core/DirectoryService.Core.csproj" />
    <BuildDependency Project="src/DirectoryService.Domain/DirectoryService.Domain.csproj" />
    <BuildDependency Project="src/DirectoryService.Infrastructure.PostgreSQL/DirectoryService.Infrastructure.PostgreSQL.csproj" />
    <BuildDependency Project="src/DirectoryService.Web/DirectoryService.Web.csproj" />
  </Project>
</Solution>
